Microsoft Visual Studio Solution File, Format Version 12.00
# Visual Studio Version 17
VisualStudioVersion = 17.0.31903.59
MinimumVisualStudioVersion = 10.0.40219.1
Project("{2150E333-8FDC-42A3-9474-1A3956D46DE8}") = "src", "src", "{A1B2C3D4-0000-4000-8000-000000000001}"
EndProject
Project("{2150E333-8FDC-42A3-9474-1A3956D46DE8}") = "tests", "tests", "{A1B2C3D4-0000-4000-8000-000000000002}"
EndProject
Project("{9A19103F-16F7-4668-BE54-9A1E7A4F7556}") = "Teikem.Domain", "src\Teikem.Domain\Teikem.Domain.csproj", "{B0000000-0000-4000-8000-000000000010}"
EndProject
Project("{9A19103F-16F7-4668-BE54-9A1E7A4F7556}") = "Teikem.Infrastructure", "src\Teikem.Infrastructure\Teikem.Infrastructure.csproj", "{B0000000-0000-4000-8000-000000000020}"
EndProject
Project("{9A19103F-16F7-4668-BE54-9A1E7A4F7556}") = "Teikem.Api", "src\Teikem.Api\Teikem.Api.csproj", "{B0000000-0000-4000-8000-000000000030}"
EndProject
Project("{9A19103F-16F7-4668-BE54-9A1E7A4F7556}") = "Teikem.Tests", "tests\Teikem.Tests\Teikem.Tests.csproj", "{B0000000-0000-4000-8000-000000000040}"
EndProject
Global
	GlobalSection(SolutionConfigurationPlatforms) = preSolution
		Debug|Any CPU = Debug|Any CPU
		Release|Any CPU = Release|Any CPU
	EndGlobalSection
	GlobalSection(ProjectConfigurationPlatforms) = postSolution
		{B0000000-0000-4000-8000-000000000010}.Debug|Any CPU.ActiveCfg = Debug|Any CPU
		{B0000000-0000-4000-8000-000000000010}.Debug|Any CPU.Build.0 = Debug|Any CPU
		{B0000000-0000-4000-8000-000000000010}.Release|Any CPU.ActiveCfg = Release|Any CPU
		{B0000000-0000-4000-8000-000000000010}.Release|Any CPU.Build.0 = Release|Any CPU
		{B0000000-0000-4000-8000-000000000020}.Debug|Any CPU.ActiveCfg = Debug|Any CPU
		{B0000000-0000-4000-8000-000000000020}.Debug|Any CPU.Build.0 = Debug|Any CPU
		{B0000000-0000-4000-8000-000000000020}.Release|Any CPU.ActiveCfg = Release|Any CPU
		{B0000000-0000-4000-8000-000000000020}.Release|Any CPU.Build.0 = Release|Any CPU
		{B0000000-0000-4000-8000-000000000030}.Debug|Any CPU.ActiveCfg = Debug|Any CPU
		{B0000000-0000-4000-8000-000000000030}.Debug|Any CPU.Build.0 = Debug|Any CPU
		{B0000000-0000-4000-8000-000000000030}.Release|Any CPU.ActiveCfg = Release|Any CPU
		{B0000000-0000-4000-8000-000000000030}.Release|Any CPU.Build.0 = Release|Any CPU
		{B0000000-0000-4000-8000-000000000040}.Debug|Any CPU.ActiveCfg = Debug|Any CPU
		{B0000000-0000-4000-8000-000000000040}.Debug|Any CPU.Build.0 = Debug|Any CPU
		{B0000000-0000-4000-8000-000000000040}.Release|Any CPU.ActiveCfg = Release|Any CPU
		{B0000000-0000-4000-8000-000000000040}.Release|Any CPU.Build.0 = Release|Any CPU
	EndGlobalSection
	GlobalSection(SolutionProperties) = preSolution
		HideSolutionNode = FALSE
	EndGlobalSection
	GlobalSection(NestedProjects) = preSolution
		{B0000000-0000-4000-8000-000000000010} = {A1B2C3D4-0000-4000-8000-000000000001}
		{B0000000-0000-4000-8000-000000000020} = {A1B2C3D4-0000-4000-8000-000000000001}
		{B0000000-0000-4000-8000-000000000030} = {A1B2C3D4-0000-4000-8000-000000000001}
		{B0000000-0000-4000-8000-000000000040} = {A1B2C3D4-0000-4000-8000-000000000002}
	EndGlobalSection
EndGlobal
